
Microsoft Visual Studio Solution File, Format Version 12.00
# Visual Studio Version 17
VisualStudioVersion = 17.5.002.0
MinimumVisualStudioVersion = 10.0.40219.1
Project("{9A19103F-16F7-4668-BE54-9A1E7A4F7556}") = "factory", "factory.csproj", "{7FF25ADF-6459-4512-9B57-8597A6C65921}"
EndProject
Global
	GlobalSection(SolutionConfigurationPlatforms) = preSolution
		Debug|Any CPU = Debug|Any CPU
		Release|Any CPU = Release|Any CPU
	EndGlobalSection
	GlobalSection(ProjectConfigurationPlatforms) = postSolution
		{7FF25ADF-6459-4512-9B57-8597A6C65921}.Debug|Any CPU.ActiveCfg = Debug|Any CPU
		{7FF25ADF-6459-4512-9B57-8597A6C65921}.Debug|Any CPU.Build.0 = Debug|Any CPU
		{7FF25ADF-6459-4512-9B57-8597A6C65921}.Release|Any CPU.ActiveCfg = Release|Any CPU
		{7FF25ADF-6459-4512-9B57-8597A6C65921}.Release|Any CPU.Build.0 = Release|Any CPU
	EndGlobalSection
	GlobalSection(SolutionProperties) = preSolution
		HideSolutionNode = FALSE
	EndGlobalSection
	GlobalSection(ExtensibilityGlobals) = postSolution
		SolutionGuid = {B503469F-FC42-4E4B-8141-1F513D7F6BD9}
	EndGlobalSection
EndGlobal
